Microsoft Visual Studio Solution File, Format Version 12.00
# Visual Studio 2012
Project("{8BC9CEB8-8B4A-11D0-8D11-00A0C91BC942}") = "ipc_test_server", "ipc_test_server\ipc_test_server.vcxproj", "{F8FBC5B0-54E6-42EC-A53F-9A27D3A83F79}"
EndProject
Project("{8BC9CEB8-8B4A-11D0-8D11-00A0C91BC942}") = "ipc_test_client", "ipc_test_client\ipc_test_client.vcxproj", "{0B213C31-2204-421F-A0D7-FC0E258D6CCE}"
EndProject
Project("{8BC9CEB8-8B4A-11D0-8D11-00A0C91BC942}") = "base", "..\base\base.vcxproj", "{010DBFB5-9C01-7489-5C43-AC1EFA3410E5}"
EndProject
Project("{8BC9CEB8-8B4A-11D0-8D11-00A0C91BC942}") = "ipc", "..\ipc\ipc.vcxproj", "{F0A02E1D-2ACA-EFA6-F18C-DC2E33A21116}"
EndProject
Global
	GlobalSection(SolutionConfigurationPlatforms) = preSolution
		Debug|Win32 = Debug|Win32
		Debug|x64 = Debug|x64
		Release|Win32 = Release|Win32
		Release|x64 = Release|x64
	EndGlobalSection
	GlobalSection(ProjectConfigurationPlatforms) = postSolution
		{F8FBC5B0-54E6-42EC-A53F-9A27D3A83F79}.Debug|Win32.ActiveCfg = Debug|Win32
		{F8FBC5B0-54E6-42EC-A53F-9A27D3A83F79}.Debug|Win32.Build.0 = Debug|Win32
		{F8FBC5B0-54E6-42EC-A53F-9A27D3A83F79}.Debug|x64.ActiveCfg = Debug|Win32
		{F8FBC5B0-54E6-42EC-A53F-9A27D3A83F79}.Release|Win32.ActiveCfg = Release|Win32
		{F8FBC5B0-54E6-42EC-A53F-9A27D3A83F79}.Release|Win32.Build.0 = Release|Win32
		{F8FBC5B0-54E6-42EC-A53F-9A27D3A83F79}.Release|x64.ActiveCfg = Release|Win32
		{0B213C31-2204-421F-A0D7-FC0E258D6CCE}.Debug|Win32.ActiveCfg = Debug|Win32
		{0B213C31-2204-421F-A0D7-FC0E258D6CCE}.Debug|Win32.Build.0 = Debug|Win32
		{0B213C31-2204-421F-A0D7-FC0E258D6CCE}.Debug|x64.ActiveCfg = Debug|Win32
		{0B213C31-2204-421F-A0D7-FC0E258D6CCE}.Release|Win32.ActiveCfg = Release|Win32
		{0B213C31-2204-421F-A0D7-FC0E258D6CCE}.Release|Win32.Build.0 = Release|Win32
		{0B213C31-2204-421F-A0D7-FC0E258D6CCE}.Release|x64.ActiveCfg = Release|Win32
		{010DBFB5-9C01-7489-5C43-AC1EFA3410E5}.Debug|Win32.ActiveCfg = Debug_Static|Win32
		{010DBFB5-9C01-7489-5C43-AC1EFA3410E5}.Debug|Win32.Build.0 = Debug_Static|Win32
		{010DBFB5-9C01-7489-5C43-AC1EFA3410E5}.Debug|x64.ActiveCfg = Debug|x64
		{010DBFB5-9C01-7489-5C43-AC1EFA3410E5}.Debug|x64.Build.0 = Debug|x64
		{010DBFB5-9C01-7489-5C43-AC1EFA3410E5}.Release|Win32.ActiveCfg = Release_Static|Win32
		{010DBFB5-9C01-7489-5C43-AC1EFA3410E5}.Release|Win32.Build.0 = Release_Static|Win32
		{010DBFB5-9C01-7489-5C43-AC1EFA3410E5}.Release|x64.ActiveCfg = Release|x64
		{010DBFB5-9C01-7489-5C43-AC1EFA3410E5}.Release|x64.Build.0 = Release|x64
		{F0A02E1D-2ACA-EFA6-F18C-DC2E33A21116}.Debug|Win32.ActiveCfg = Debug_Static|Win32
		{F0A02E1D-2ACA-EFA6-F18C-DC2E33A21116}.Debug|Win32.Build.0 = Debug_Static|Win32
		{F0A02E1D-2ACA-EFA6-F18C-DC2E33A21116}.Debug|x64.ActiveCfg = Debug|x64
		{F0A02E1D-2ACA-EFA6-F18C-DC2E33A21116}.Debug|x64.Build.0 = Debug|x64
		{F0A02E1D-2ACA-EFA6-F18C-DC2E33A21116}.Release|Win32.ActiveCfg = Release_Static|Win32
		{F0A02E1D-2ACA-EFA6-F18C-DC2E33A21116}.Release|Win32.Build.0 = Release_Static|Win32
		{F0A02E1D-2ACA-EFA6-F18C-DC2E33A21116}.Release|x64.ActiveCfg = Release|x64
		{F0A02E1D-2ACA-EFA6-F18C-DC2E33A21116}.Release|x64.Build.0 = Release|x64
	EndGlobalSection
	GlobalSection(SolutionProperties) = preSolution
		HideSolutionNode = FALSE
	EndGlobalSection
EndGlobal
