Microsoft Visual Studio Solution File, Format Version 11.00
# Visual Studio 2010
Project("{2150E333-8FDC-42A3-9474-1A3956D46DE8}") = "(allocator)", ".", "{6478B9F3-4858-63F4-35F4-98A303E305F3}"
EndProject
Project("{2150E333-8FDC-42A3-9474-1A3956D46DE8}") = "(base)", "..", "{9785FB75-982A-5DE3-252D-3F288B9FEF5B}"
EndProject
Project("{2150E333-8FDC-42A3-9474-1A3956D46DE8}") = "(testing)", "..\..\testing", "{EAC80D00-01D2-3F49-A377-20B7154947F3}"
EndProject
Project("{2150E333-8FDC-42A3-9474-1A3956D46DE8}") = "(third_party)", "..\third_party", "{3E7FA5AF-27B3-2DE0-883C-12F98E7F4E81}"
EndProject
Project("{2150E333-8FDC-42A3-9474-1A3956D46DE8}") = "(third_party)", "..\..\third_party", "{89C816A7-DD31-D54C-C69C-5A80E0C49B77}"
EndProject
Project("{8BC9CEB8-8B4A-11D0-8D11-00A0C91BC942}") = "allocator", "allocator.vcxproj", "{0DE34442-66EF-79EC-D2AD-D3B535781CF2}"
	ProjectSection(ProjectDependencies) = postProject
		{211F9DA7-C3AA-B9A6-A911-E2A5304636B0} = {211F9DA7-C3AA-B9A6-A911-E2A5304636B0}
	EndProjectSection
EndProject
Project("{8BC9CEB8-8B4A-11D0-8D11-00A0C91BC942}") = "allocator_extension_thunks", "allocator_extension_thunks.vcxproj", "{6FE95E71-05BC-59CB-40EC-E659267F172D}"
EndProject
Project("{8BC9CEB8-8B4A-11D0-8D11-00A0C91BC942}") = "allocator_extension_thunks_win64", "allocator_extension_thunks_win64.vcxproj", "{7EDCF85B-E175-DF10-7321-EB06AA285668}"
EndProject
Project("{8BC9CEB8-8B4A-11D0-8D11-00A0C91BC942}") = "allocator_unittests", "allocator_unittests.vcxproj", "{9DD4E85F-D195-8DC9-F1AA-4C634C06E1DD}"
	ProjectSection(ProjectDependencies) = postProject
		{0DE34442-66EF-79EC-D2AD-D3B535781CF2} = {0DE34442-66EF-79EC-D2AD-D3B535781CF2}
		{6FE95E71-05BC-59CB-40EC-E659267F172D} = {6FE95E71-05BC-59CB-40EC-E659267F172D}
		{880D2EAD-A03F-E6F3-71D6-12AA76611F70} = {880D2EAD-A03F-E6F3-71D6-12AA76611F70}
		{51784A43-1726-DB73-F3E3-112CB9342765} = {51784A43-1726-DB73-F3E3-112CB9342765}
		{211F9DA7-C3AA-B9A6-A911-E2A5304636B0} = {211F9DA7-C3AA-B9A6-A911-E2A5304636B0}
		{1B0B65CB-BBAA-2400-699A-01B513946E3C} = {1B0B65CB-BBAA-2400-699A-01B513946E3C}
	EndProjectSection
EndProject
Project("{8BC9CEB8-8B4A-11D0-8D11-00A0C91BC942}") = "base", "..\base.vcxproj", "{010DBFB5-9C01-7489-5C43-AC1EFA3410E5}"
	ProjectSection(ProjectDependencies) = postProject
		{69381E51-3F39-D913-BE4E-B5D0C1300F41} = {69381E51-3F39-D913-BE4E-B5D0C1300F41}
		{6FE95E71-05BC-59CB-40EC-E659267F172D} = {6FE95E71-05BC-59CB-40EC-E659267F172D}
		{1B0B65CB-BBAA-2400-699A-01B513946E3C} = {1B0B65CB-BBAA-2400-699A-01B513946E3C}
		{F096B6E6-1684-E63C-C1F8-6358E0699487} = {F096B6E6-1684-E63C-C1F8-6358E0699487}
		{51784A43-1726-DB73-F3E3-112CB9342765} = {51784A43-1726-DB73-F3E3-112CB9342765}
	EndProjectSection
EndProject
Project("{8BC9CEB8-8B4A-11D0-8D11-00A0C91BC942}") = "base_static", "..\base_static.vcxproj", "{69381E51-3F39-D913-BE4E-B5D0C1300F41}"
EndProject
Project("{8BC9CEB8-8B4A-11D0-8D11-00A0C91BC942}") = "dynamic_annotations", "..\third_party\dynamic_annotations\dynamic_annotations.vcxproj", "{51784A43-1726-DB73-F3E3-112CB9342765}"
EndProject
Project("{8BC9CEB8-8B4A-11D0-8D11-00A0C91BC942}") = "gtest", "..\..\testing\gtest.vcxproj", "{880D2EAD-A03F-E6F3-71D6-12AA76611F70}"
	ProjectSection(ProjectDependencies) = postProject
		{1B0B65CB-BBAA-2400-699A-01B513946E3C} = {1B0B65CB-BBAA-2400-699A-01B513946E3C}
	EndProjectSection
EndProject
Project("{8BC9CEB8-8B4A-11D0-8D11-00A0C91BC942}") = "gtest_prod", "..\..\testing\gtest_prod.vcxproj", "{1B0B65CB-BBAA-2400-699A-01B513946E3C}"
EndProject
Project("{8BC9CEB8-8B4A-11D0-8D11-00A0C91BC942}") = "libcmt", "libcmt.vcxproj", "{211F9DA7-C3AA-B9A6-A911-E2A5304636B0}"
EndProject
Project("{8BC9CEB8-8B4A-11D0-8D11-00A0C91BC942}") = "modp_b64", "..\..\third_party\modp_b64\modp_b64.vcxproj", "{F096B6E6-1684-E63C-C1F8-6358E0699487}"
EndProject
Project("{8BC9CEB8-8B4A-11D0-8D11-00A0C91BC942}") = "tcmalloc_unittest", "tcmalloc_unittest.vcxproj", "{C4B41E14-5232-197D-6492-B9FF3DF38BFF}"
	ProjectSection(ProjectDependencies) = postProject
		{880D2EAD-A03F-E6F3-71D6-12AA76611F70} = {880D2EAD-A03F-E6F3-71D6-12AA76611F70}
		{010DBFB5-9C01-7489-5C43-AC1EFA3410E5} = {010DBFB5-9C01-7489-5C43-AC1EFA3410E5}
		{0DE34442-66EF-79EC-D2AD-D3B535781CF2} = {0DE34442-66EF-79EC-D2AD-D3B535781CF2}
		{1B0B65CB-BBAA-2400-699A-01B513946E3C} = {1B0B65CB-BBAA-2400-699A-01B513946E3C}
		{51784A43-1726-DB73-F3E3-112CB9342765} = {51784A43-1726-DB73-F3E3-112CB9342765}
		{211F9DA7-C3AA-B9A6-A911-E2A5304636B0} = {211F9DA7-C3AA-B9A6-A911-E2A5304636B0}
	EndProjectSection
EndProject
Global
	GlobalSection(SolutionConfigurationPlatforms) = preSolution
		Release|x64 = Release|x64
		Debug|Win32 = Debug|Win32
		Debug|x64 = Debug|x64
		Release|Win32 = Release|Win32
	EndGlobalSection
	GlobalSection(ProjectConfigurationPlatforms) = postSolution
		{010DBFB5-9C01-7489-5C43-AC1EFA3410E5}.Release|x64.ActiveCfg = Release|x64
		{010DBFB5-9C01-7489-5C43-AC1EFA3410E5}.Release|x64.Build.0 = Release|x64
		{010DBFB5-9C01-7489-5C43-AC1EFA3410E5}.Debug|Win32.ActiveCfg = Debug|Win32
		{010DBFB5-9C01-7489-5C43-AC1EFA3410E5}.Debug|Win32.Build.0 = Debug|Win32
		{010DBFB5-9C01-7489-5C43-AC1EFA3410E5}.Debug|x64.ActiveCfg = Debug|x64
		{010DBFB5-9C01-7489-5C43-AC1EFA3410E5}.Debug|x64.Build.0 = Debug|x64
		{010DBFB5-9C01-7489-5C43-AC1EFA3410E5}.Release|Win32.ActiveCfg = Release|Win32
		{010DBFB5-9C01-7489-5C43-AC1EFA3410E5}.Release|Win32.Build.0 = Release|Win32
		{0DE34442-66EF-79EC-D2AD-D3B535781CF2}.Release|x64.ActiveCfg = Release|x64
		{0DE34442-66EF-79EC-D2AD-D3B535781CF2}.Release|x64.Build.0 = Release|x64
		{0DE34442-66EF-79EC-D2AD-D3B535781CF2}.Debug|Win32.ActiveCfg = Debug|Win32
		{0DE34442-66EF-79EC-D2AD-D3B535781CF2}.Debug|Win32.Build.0 = Debug|Win32
		{0DE34442-66EF-79EC-D2AD-D3B535781CF2}.Debug|x64.ActiveCfg = Debug|x64
		{0DE34442-66EF-79EC-D2AD-D3B535781CF2}.Debug|x64.Build.0 = Debug|x64
		{0DE34442-66EF-79EC-D2AD-D3B535781CF2}.Release|Win32.ActiveCfg = Release|Win32
		{0DE34442-66EF-79EC-D2AD-D3B535781CF2}.Release|Win32.Build.0 = Release|Win32
		{1B0B65CB-BBAA-2400-699A-01B513946E3C}.Release|x64.ActiveCfg = Release|x64
		{1B0B65CB-BBAA-2400-699A-01B513946E3C}.Release|x64.Build.0 = Release|x64
		{1B0B65CB-BBAA-2400-699A-01B513946E3C}.Debug|Win32.ActiveCfg = Debug|Win32
		{1B0B65CB-BBAA-2400-699A-01B513946E3C}.Debug|Win32.Build.0 = Debug|Win32
		{1B0B65CB-BBAA-2400-699A-01B513946E3C}.Debug|x64.ActiveCfg = Debug|x64
		{1B0B65CB-BBAA-2400-699A-01B513946E3C}.Debug|x64.Build.0 = Debug|x64
		{1B0B65CB-BBAA-2400-699A-01B513946E3C}.Release|Win32.ActiveCfg = Release|Win32
		{1B0B65CB-BBAA-2400-699A-01B513946E3C}.Release|Win32.Build.0 = Release|Win32
		{211F9DA7-C3AA-B9A6-A911-E2A5304636B0}.Release|x64.ActiveCfg = Release|x64
		{211F9DA7-C3AA-B9A6-A911-E2A5304636B0}.Release|x64.Build.0 = Release|x64
		{211F9DA7-C3AA-B9A6-A911-E2A5304636B0}.Debug|Win32.ActiveCfg = Debug|Win32
		{211F9DA7-C3AA-B9A6-A911-E2A5304636B0}.Debug|Win32.Build.0 = Debug|Win32
		{211F9DA7-C3AA-B9A6-A911-E2A5304636B0}.Debug|x64.ActiveCfg = Debug|x64
		{211F9DA7-C3AA-B9A6-A911-E2A5304636B0}.Debug|x64.Build.0 = Debug|x64
		{211F9DA7-C3AA-B9A6-A911-E2A5304636B0}.Release|Win32.ActiveCfg = Release|Win32
		{211F9DA7-C3AA-B9A6-A911-E2A5304636B0}.Release|Win32.Build.0 = Release|Win32
		{51784A43-1726-DB73-F3E3-112CB9342765}.Release|x64.ActiveCfg = Release|x64
		{51784A43-1726-DB73-F3E3-112CB9342765}.Release|x64.Build.0 = Release|x64
		{51784A43-1726-DB73-F3E3-112CB9342765}.Debug|Win32.ActiveCfg = Debug|Win32
		{51784A43-1726-DB73-F3E3-112CB9342765}.Debug|Win32.Build.0 = Debug|Win32
		{51784A43-1726-DB73-F3E3-112CB9342765}.Debug|x64.ActiveCfg = Debug|x64
		{51784A43-1726-DB73-F3E3-112CB9342765}.Debug|x64.Build.0 = Debug|x64
		{51784A43-1726-DB73-F3E3-112CB9342765}.Release|Win32.ActiveCfg = Release|Win32
		{51784A43-1726-DB73-F3E3-112CB9342765}.Release|Win32.Build.0 = Release|Win32
		{69381E51-3F39-D913-BE4E-B5D0C1300F41}.Release|x64.ActiveCfg = Release|x64
		{69381E51-3F39-D913-BE4E-B5D0C1300F41}.Release|x64.Build.0 = Release|x64
		{69381E51-3F39-D913-BE4E-B5D0C1300F41}.Debug|Win32.ActiveCfg = Debug|Win32
		{69381E51-3F39-D913-BE4E-B5D0C1300F41}.Debug|Win32.Build.0 = Debug|Win32
		{69381E51-3F39-D913-BE4E-B5D0C1300F41}.Debug|x64.ActiveCfg = Debug|x64
		{69381E51-3F39-D913-BE4E-B5D0C1300F41}.Debug|x64.Build.0 = Debug|x64
		{69381E51-3F39-D913-BE4E-B5D0C1300F41}.Release|Win32.ActiveCfg = Release|Win32
		{69381E51-3F39-D913-BE4E-B5D0C1300F41}.Release|Win32.Build.0 = Release|Win32
		{6FE95E71-05BC-59CB-40EC-E659267F172D}.Release|x64.ActiveCfg = Release|x64
		{6FE95E71-05BC-59CB-40EC-E659267F172D}.Release|x64.Build.0 = Release|x64
		{6FE95E71-05BC-59CB-40EC-E659267F172D}.Debug|Win32.ActiveCfg = Debug|Win32
		{6FE95E71-05BC-59CB-40EC-E659267F172D}.Debug|Win32.Build.0 = Debug|Win32
		{6FE95E71-05BC-59CB-40EC-E659267F172D}.Debug|x64.ActiveCfg = Debug|x64
		{6FE95E71-05BC-59CB-40EC-E659267F172D}.Debug|x64.Build.0 = Debug|x64
		{6FE95E71-05BC-59CB-40EC-E659267F172D}.Release|Win32.ActiveCfg = Release|Win32
		{6FE95E71-05BC-59CB-40EC-E659267F172D}.Release|Win32.Build.0 = Release|Win32
		{7EDCF85B-E175-DF10-7321-EB06AA285668}.Release|x64.ActiveCfg = Release|x64
		{7EDCF85B-E175-DF10-7321-EB06AA285668}.Release|x64.Build.0 = Release|x64
		{7EDCF85B-E175-DF10-7321-EB06AA285668}.Debug|Win32.ActiveCfg = Debug|x64
		{7EDCF85B-E175-DF10-7321-EB06AA285668}.Debug|Win32.Build.0 = Debug|x64
		{7EDCF85B-E175-DF10-7321-EB06AA285668}.Debug|x64.ActiveCfg = Debug|x64
		{7EDCF85B-E175-DF10-7321-EB06AA285668}.Debug|x64.Build.0 = Debug|x64
		{7EDCF85B-E175-DF10-7321-EB06AA285668}.Release|Win32.ActiveCfg = Release|x64
		{7EDCF85B-E175-DF10-7321-EB06AA285668}.Release|Win32.Build.0 = Release|x64
		{880D2EAD-A03F-E6F3-71D6-12AA76611F70}.Release|x64.ActiveCfg = Release|x64
		{880D2EAD-A03F-E6F3-71D6-12AA76611F70}.Release|x64.Build.0 = Release|x64
		{880D2EAD-A03F-E6F3-71D6-12AA76611F70}.Debug|Win32.ActiveCfg = Debug|Win32
		{880D2EAD-A03F-E6F3-71D6-12AA76611F70}.Debug|Win32.Build.0 = Debug|Win32
		{880D2EAD-A03F-E6F3-71D6-12AA76611F70}.Debug|x64.ActiveCfg = Debug|x64
		{880D2EAD-A03F-E6F3-71D6-12AA76611F70}.Debug|x64.Build.0 = Debug|x64
		{880D2EAD-A03F-E6F3-71D6-12AA76611F70}.Release|Win32.ActiveCfg = Release|Win32
		{880D2EAD-A03F-E6F3-71D6-12AA76611F70}.Release|Win32.Build.0 = Release|Win32
		{9DD4E85F-D195-8DC9-F1AA-4C634C06E1DD}.Release|x64.ActiveCfg = Release|x64
		{9DD4E85F-D195-8DC9-F1AA-4C634C06E1DD}.Release|x64.Build.0 = Release|x64
		{9DD4E85F-D195-8DC9-F1AA-4C634C06E1DD}.Debug|Win32.ActiveCfg = Debug|Win32
		{9DD4E85F-D195-8DC9-F1AA-4C634C06E1DD}.Debug|Win32.Build.0 = Debug|Win32
		{9DD4E85F-D195-8DC9-F1AA-4C634C06E1DD}.Debug|x64.ActiveCfg = Debug|x64
		{9DD4E85F-D195-8DC9-F1AA-4C634C06E1DD}.Debug|x64.Build.0 = Debug|x64
		{9DD4E85F-D195-8DC9-F1AA-4C634C06E1DD}.Release|Win32.ActiveCfg = Release|Win32
		{9DD4E85F-D195-8DC9-F1AA-4C634C06E1DD}.Release|Win32.Build.0 = Release|Win32
		{C4B41E14-5232-197D-6492-B9FF3DF38BFF}.Release|x64.ActiveCfg = Release|x64
		{C4B41E14-5232-197D-6492-B9FF3DF38BFF}.Release|x64.Build.0 = Release|x64
		{C4B41E14-5232-197D-6492-B9FF3DF38BFF}.Debug|Win32.ActiveCfg = Debug|Win32
		{C4B41E14-5232-197D-6492-B9FF3DF38BFF}.Debug|Win32.Build.0 = Debug|Win32
		{C4B41E14-5232-197D-6492-B9FF3DF38BFF}.Debug|x64.ActiveCfg = Debug|x64
		{C4B41E14-5232-197D-6492-B9FF3DF38BFF}.Debug|x64.Build.0 = Debug|x64
		{C4B41E14-5232-197D-6492-B9FF3DF38BFF}.Release|Win32.ActiveCfg = Release|Win32
		{C4B41E14-5232-197D-6492-B9FF3DF38BFF}.Release|Win32.Build.0 = Release|Win32
		{F096B6E6-1684-E63C-C1F8-6358E0699487}.Release|x64.ActiveCfg = Release|x64
		{F096B6E6-1684-E63C-C1F8-6358E0699487}.Release|x64.Build.0 = Release|x64
		{F096B6E6-1684-E63C-C1F8-6358E0699487}.Debug|Win32.ActiveCfg = Debug|Win32
		{F096B6E6-1684-E63C-C1F8-6358E0699487}.Debug|Win32.Build.0 = Debug|Win32
		{F096B6E6-1684-E63C-C1F8-6358E0699487}.Debug|x64.ActiveCfg = Debug|x64
		{F096B6E6-1684-E63C-C1F8-6358E0699487}.Debug|x64.Build.0 = Debug|x64
		{F096B6E6-1684-E63C-C1F8-6358E0699487}.Release|Win32.ActiveCfg = Release|Win32
		{F096B6E6-1684-E63C-C1F8-6358E0699487}.Release|Win32.Build.0 = Release|Win32
	EndGlobalSection
	GlobalSection(SolutionProperties) = preSolution
		HideSolutionNode = FALSE
	EndGlobalSection
	GlobalSection(NestedProjects) = preSolution
		{0DE34442-66EF-79EC-D2AD-D3B535781CF2} = {6478B9F3-4858-63F4-35F4-98A303E305F3}
		{6FE95E71-05BC-59CB-40EC-E659267F172D} = {6478B9F3-4858-63F4-35F4-98A303E305F3}
		{7EDCF85B-E175-DF10-7321-EB06AA285668} = {6478B9F3-4858-63F4-35F4-98A303E305F3}
		{9DD4E85F-D195-8DC9-F1AA-4C634C06E1DD} = {6478B9F3-4858-63F4-35F4-98A303E305F3}
		{211F9DA7-C3AA-B9A6-A911-E2A5304636B0} = {6478B9F3-4858-63F4-35F4-98A303E305F3}
		{C4B41E14-5232-197D-6492-B9FF3DF38BFF} = {6478B9F3-4858-63F4-35F4-98A303E305F3}
		{6478B9F3-4858-63F4-35F4-98A303E305F3} = {9785FB75-982A-5DE3-252D-3F288B9FEF5B}
		{3E7FA5AF-27B3-2DE0-883C-12F98E7F4E81} = {9785FB75-982A-5DE3-252D-3F288B9FEF5B}
		{010DBFB5-9C01-7489-5C43-AC1EFA3410E5} = {9785FB75-982A-5DE3-252D-3F288B9FEF5B}
		{69381E51-3F39-D913-BE4E-B5D0C1300F41} = {9785FB75-982A-5DE3-252D-3F288B9FEF5B}
		{880D2EAD-A03F-E6F3-71D6-12AA76611F70} = {EAC80D00-01D2-3F49-A377-20B7154947F3}
		{1B0B65CB-BBAA-2400-699A-01B513946E3C} = {EAC80D00-01D2-3F49-A377-20B7154947F3}
		{51784A43-1726-DB73-F3E3-112CB9342765} = {3E7FA5AF-27B3-2DE0-883C-12F98E7F4E81}
		{F096B6E6-1684-E63C-C1F8-6358E0699487} = {89C816A7-DD31-D54C-C69C-5A80E0C49B77}
	EndGlobalSection
EndGlobal
