Microsoft Visual Studio Solution File, Format Version 11.00
# Visual Studio 2010
Project("{2150E333-8FDC-42A3-9474-1A3956D46DE8}") = "(base)", ".", "{9785FB75-982A-5DE3-252D-3F288B9FEF5B}"
EndProject
Project("{2150E333-8FDC-42A3-9474-1A3956D46DE8}") = "(native_client)", "..\native_client", "{829C43DA-1372-614D-F044-340432AECC41}"
EndProject
Project("{8BC9CEB8-8B4A-11D0-8D11-00A0C91BC942}") = "base_untrusted", "base_untrusted.vcxproj", "{F26DC595-1DB6-E1C9-7817-57B16419D8E7}"
	ProjectSection(ProjectDependencies) = postProject
		{05D76DB3-555A-1277-E0B4-8DC66066FDBB} = {05D76DB3-555A-1277-E0B4-8DC66066FDBB}
	EndProjectSection
EndProject
Project("{8BC9CEB8-8B4A-11D0-8D11-00A0C91BC942}") = "crt_fini_32", "..\native_client\crt_fini_32.vcxproj", "{C5132D3F-421D-956B-83D5-C8ACEC8382D4}"
	ProjectSection(ProjectDependencies) = postProject
		{2EA1D307-B397-9AC7-2501-357663F57409} = {2EA1D307-B397-9AC7-2501-357663F57409}
		{313B8BE5-8021-4933-97DA-F99EB67474B8} = {313B8BE5-8021-4933-97DA-F99EB67474B8}
	EndProjectSection
EndProject
Project("{8BC9CEB8-8B4A-11D0-8D11-00A0C91BC942}") = "crt_fini_64", "..\native_client\crt_fini_64.vcxproj", "{C4556A0D-E1E5-A627-BCBD-4F6A69D9D347}"
	ProjectSection(ProjectDependencies) = postProject
		{2EA1D307-B397-9AC7-2501-357663F57409} = {2EA1D307-B397-9AC7-2501-357663F57409}
		{313B8BE5-8021-4933-97DA-F99EB67474B8} = {313B8BE5-8021-4933-97DA-F99EB67474B8}
	EndProjectSection
EndProject
Project("{8BC9CEB8-8B4A-11D0-8D11-00A0C91BC942}") = "crt_init_32", "..\native_client\crt_init_32.vcxproj", "{87CC6C09-24ED-05B8-25E2-DB3BD3D910E0}"
	ProjectSection(ProjectDependencies) = postProject
		{2EA1D307-B397-9AC7-2501-357663F57409} = {2EA1D307-B397-9AC7-2501-357663F57409}
		{313B8BE5-8021-4933-97DA-F99EB67474B8} = {313B8BE5-8021-4933-97DA-F99EB67474B8}
	EndProjectSection
EndProject
Project("{8BC9CEB8-8B4A-11D0-8D11-00A0C91BC942}") = "crt_init_64", "..\native_client\crt_init_64.vcxproj", "{DF169491-1D1B-9A31-FB19-12C025954546}"
	ProjectSection(ProjectDependencies) = postProject
		{2EA1D307-B397-9AC7-2501-357663F57409} = {2EA1D307-B397-9AC7-2501-357663F57409}
		{313B8BE5-8021-4933-97DA-F99EB67474B8} = {313B8BE5-8021-4933-97DA-F99EB67474B8}
	EndProjectSection
EndProject
Project("{8BC9CEB8-8B4A-11D0-8D11-00A0C91BC942}") = "prep_nacl_sdk", "..\native_client\prep_nacl_sdk.vcxproj", "{313B8BE5-8021-4933-97DA-F99EB67474B8}"
	ProjectSection(ProjectDependencies) = postProject
		{2EA1D307-B397-9AC7-2501-357663F57409} = {2EA1D307-B397-9AC7-2501-357663F57409}
	EndProjectSection
EndProject
Project("{8BC9CEB8-8B4A-11D0-8D11-00A0C91BC942}") = "prep_toolchain", "..\native_client\prep_toolchain.vcxproj", "{05D76DB3-555A-1277-E0B4-8DC66066FDBB}"
	ProjectSection(ProjectDependencies) = postProject
		{2EA1D307-B397-9AC7-2501-357663F57409} = {2EA1D307-B397-9AC7-2501-357663F57409}
		{313B8BE5-8021-4933-97DA-F99EB67474B8} = {313B8BE5-8021-4933-97DA-F99EB67474B8}
		{87CC6C09-24ED-05B8-25E2-DB3BD3D910E0} = {87CC6C09-24ED-05B8-25E2-DB3BD3D910E0}
		{C5132D3F-421D-956B-83D5-C8ACEC8382D4} = {C5132D3F-421D-956B-83D5-C8ACEC8382D4}
		{DF169491-1D1B-9A31-FB19-12C025954546} = {DF169491-1D1B-9A31-FB19-12C025954546}
		{C4556A0D-E1E5-A627-BCBD-4F6A69D9D347} = {C4556A0D-E1E5-A627-BCBD-4F6A69D9D347}
	EndProjectSection
EndProject
Project("{8BC9CEB8-8B4A-11D0-8D11-00A0C91BC942}") = "untar_toolchains", "..\native_client\untar_toolchains.vcxproj", "{2EA1D307-B397-9AC7-2501-357663F57409}"
EndProject
Global
	GlobalSection(SolutionConfigurationPlatforms) = preSolution
		Release|x64 = Release|x64
		Debug|Win32 = Debug|Win32
		Debug|x64 = Debug|x64
		Release|Win32 = Release|Win32
	EndGlobalSection
	GlobalSection(ProjectConfigurationPlatforms) = postSolution
		{05D76DB3-555A-1277-E0B4-8DC66066FDBB}.Release|x64.ActiveCfg = Release|x64
		{05D76DB3-555A-1277-E0B4-8DC66066FDBB}.Release|x64.Build.0 = Release|x64
		{05D76DB3-555A-1277-E0B4-8DC66066FDBB}.Debug|Win32.ActiveCfg = Debug|Win32
		{05D76DB3-555A-1277-E0B4-8DC66066FDBB}.Debug|Win32.Build.0 = Debug|Win32
		{05D76DB3-555A-1277-E0B4-8DC66066FDBB}.Debug|x64.ActiveCfg = Debug|x64
		{05D76DB3-555A-1277-E0B4-8DC66066FDBB}.Debug|x64.Build.0 = Debug|x64
		{05D76DB3-555A-1277-E0B4-8DC66066FDBB}.Release|Win32.ActiveCfg = Release|Win32
		{05D76DB3-555A-1277-E0B4-8DC66066FDBB}.Release|Win32.Build.0 = Release|Win32
		{2EA1D307-B397-9AC7-2501-357663F57409}.Release|x64.ActiveCfg = Release|x64
		{2EA1D307-B397-9AC7-2501-357663F57409}.Release|x64.Build.0 = Release|x64
		{2EA1D307-B397-9AC7-2501-357663F57409}.Debug|Win32.ActiveCfg = Debug|Win32
		{2EA1D307-B397-9AC7-2501-357663F57409}.Debug|Win32.Build.0 = Debug|Win32
		{2EA1D307-B397-9AC7-2501-357663F57409}.Debug|x64.ActiveCfg = Debug|x64
		{2EA1D307-B397-9AC7-2501-357663F57409}.Debug|x64.Build.0 = Debug|x64
		{2EA1D307-B397-9AC7-2501-357663F57409}.Release|Win32.ActiveCfg = Release|Win32
		{2EA1D307-B397-9AC7-2501-357663F57409}.Release|Win32.Build.0 = Release|Win32
		{313B8BE5-8021-4933-97DA-F99EB67474B8}.Release|x64.ActiveCfg = Release|x64
		{313B8BE5-8021-4933-97DA-F99EB67474B8}.Release|x64.Build.0 = Release|x64
		{313B8BE5-8021-4933-97DA-F99EB67474B8}.Debug|Win32.ActiveCfg = Debug|Win32
		{313B8BE5-8021-4933-97DA-F99EB67474B8}.Debug|Win32.Build.0 = Debug|Win32
		{313B8BE5-8021-4933-97DA-F99EB67474B8}.Debug|x64.ActiveCfg = Debug|x64
		{313B8BE5-8021-4933-97DA-F99EB67474B8}.Debug|x64.Build.0 = Debug|x64
		{313B8BE5-8021-4933-97DA-F99EB67474B8}.Release|Win32.ActiveCfg = Release|Win32
		{313B8BE5-8021-4933-97DA-F99EB67474B8}.Release|Win32.Build.0 = Release|Win32
		{87CC6C09-24ED-05B8-25E2-DB3BD3D910E0}.Release|x64.ActiveCfg = Release|x64
		{87CC6C09-24ED-05B8-25E2-DB3BD3D910E0}.Release|x64.Build.0 = Release|x64
		{87CC6C09-24ED-05B8-25E2-DB3BD3D910E0}.Debug|Win32.ActiveCfg = Debug|Win32
		{87CC6C09-24ED-05B8-25E2-DB3BD3D910E0}.Debug|Win32.Build.0 = Debug|Win32
		{87CC6C09-24ED-05B8-25E2-DB3BD3D910E0}.Debug|x64.ActiveCfg = Debug|x64
		{87CC6C09-24ED-05B8-25E2-DB3BD3D910E0}.Debug|x64.Build.0 = Debug|x64
		{87CC6C09-24ED-05B8-25E2-DB3BD3D910E0}.Release|Win32.ActiveCfg = Release|Win32
		{87CC6C09-24ED-05B8-25E2-DB3BD3D910E0}.Release|Win32.Build.0 = Release|Win32
		{C4556A0D-E1E5-A627-BCBD-4F6A69D9D347}.Release|x64.ActiveCfg = Release|x64
		{C4556A0D-E1E5-A627-BCBD-4F6A69D9D347}.Release|x64.Build.0 = Release|x64
		{C4556A0D-E1E5-A627-BCBD-4F6A69D9D347}.Debug|Win32.ActiveCfg = Debug|Win32
		{C4556A0D-E1E5-A627-BCBD-4F6A69D9D347}.Debug|Win32.Build.0 = Debug|Win32
		{C4556A0D-E1E5-A627-BCBD-4F6A69D9D347}.Debug|x64.ActiveCfg = Debug|x64
		{C4556A0D-E1E5-A627-BCBD-4F6A69D9D347}.Debug|x64.Build.0 = Debug|x64
		{C4556A0D-E1E5-A627-BCBD-4F6A69D9D347}.Release|Win32.ActiveCfg = Release|Win32
		{C4556A0D-E1E5-A627-BCBD-4F6A69D9D347}.Release|Win32.Build.0 = Release|Win32
		{C5132D3F-421D-956B-83D5-C8ACEC8382D4}.Release|x64.ActiveCfg = Release|x64
		{C5132D3F-421D-956B-83D5-C8ACEC8382D4}.Release|x64.Build.0 = Release|x64
		{C5132D3F-421D-956B-83D5-C8ACEC8382D4}.Debug|Win32.ActiveCfg = Debug|Win32
		{C5132D3F-421D-956B-83D5-C8ACEC8382D4}.Debug|Win32.Build.0 = Debug|Win32
		{C5132D3F-421D-956B-83D5-C8ACEC8382D4}.Debug|x64.ActiveCfg = Debug|x64
		{C5132D3F-421D-956B-83D5-C8ACEC8382D4}.Debug|x64.Build.0 = Debug|x64
		{C5132D3F-421D-956B-83D5-C8ACEC8382D4}.Release|Win32.ActiveCfg = Release|Win32
		{C5132D3F-421D-956B-83D5-C8ACEC8382D4}.Release|Win32.Build.0 = Release|Win32
		{DF169491-1D1B-9A31-FB19-12C025954546}.Release|x64.ActiveCfg = Release|x64
		{DF169491-1D1B-9A31-FB19-12C025954546}.Release|x64.Build.0 = Release|x64
		{DF169491-1D1B-9A31-FB19-12C025954546}.Debug|Win32.ActiveCfg = Debug|Win32
		{DF169491-1D1B-9A31-FB19-12C025954546}.Debug|Win32.Build.0 = Debug|Win32
		{DF169491-1D1B-9A31-FB19-12C025954546}.Debug|x64.ActiveCfg = Debug|x64
		{DF169491-1D1B-9A31-FB19-12C025954546}.Debug|x64.Build.0 = Debug|x64
		{DF169491-1D1B-9A31-FB19-12C025954546}.Release|Win32.ActiveCfg = Release|Win32
		{DF169491-1D1B-9A31-FB19-12C025954546}.Release|Win32.Build.0 = Release|Win32
		{F26DC595-1DB6-E1C9-7817-57B16419D8E7}.Release|x64.ActiveCfg = Release|x64
		{F26DC595-1DB6-E1C9-7817-57B16419D8E7}.Release|x64.Build.0 = Release|x64
		{F26DC595-1DB6-E1C9-7817-57B16419D8E7}.Debug|Win32.ActiveCfg = Debug|Win32
		{F26DC595-1DB6-E1C9-7817-57B16419D8E7}.Debug|Win32.Build.0 = Debug|Win32
		{F26DC595-1DB6-E1C9-7817-57B16419D8E7}.Debug|x64.ActiveCfg = Debug|x64
		{F26DC595-1DB6-E1C9-7817-57B16419D8E7}.Debug|x64.Build.0 = Debug|x64
		{F26DC595-1DB6-E1C9-7817-57B16419D8E7}.Release|Win32.ActiveCfg = Release|Win32
		{F26DC595-1DB6-E1C9-7817-57B16419D8E7}.Release|Win32.Build.0 = Release|Win32
	EndGlobalSection
	GlobalSection(SolutionProperties) = preSolution
		HideSolutionNode = FALSE
	EndGlobalSection
	GlobalSection(NestedProjects) = preSolution
		{F26DC595-1DB6-E1C9-7817-57B16419D8E7} = {9785FB75-982A-5DE3-252D-3F288B9FEF5B}
		{C5132D3F-421D-956B-83D5-C8ACEC8382D4} = {829C43DA-1372-614D-F044-340432AECC41}
		{C4556A0D-E1E5-A627-BCBD-4F6A69D9D347} = {829C43DA-1372-614D-F044-340432AECC41}
		{87CC6C09-24ED-05B8-25E2-DB3BD3D910E0} = {829C43DA-1372-614D-F044-340432AECC41}
		{DF169491-1D1B-9A31-FB19-12C025954546} = {829C43DA-1372-614D-F044-340432AECC41}
		{313B8BE5-8021-4933-97DA-F99EB67474B8} = {829C43DA-1372-614D-F044-340432AECC41}
		{05D76DB3-555A-1277-E0B4-8DC66066FDBB} = {829C43DA-1372-614D-F044-340432AECC41}
		{2EA1D307-B397-9AC7-2501-357663F57409} = {829C43DA-1372-614D-F044-340432AECC41}
	EndGlobalSection
EndGlobal
