<?xml version="1.0" encoding="utf-8"?>
<Project ToolsVersion="4.0" xmlns="http://schemas.microsoft.com/developer/msbuild/2003">
  <ItemGroup>
    <Filter Include="win32">
      <UniqueIdentifier>{29214f30-ef6b-48ac-bda2-9a1f4ae7c07c}</UniqueIdentifier>
    </Filter>
    <Filter Include="app">
      <UniqueIdentifier>{d81e68aa-6d49-47b9-89e6-8cec09195f5f}</UniqueIdentifier>
    </Filter>
    <Filter Include="base">
      <UniqueIdentifier>{50744ad1-55df-4c56-bedb-06bb0db9396a}</UniqueIdentifier>
    </Filter>
    <Filter Include="node">
      <UniqueIdentifier>{5ca8b8c0-fbd6-476e-89c7-3fe17b5e3516}</UniqueIdentifier>
    </Filter>
    <Filter Include="paint">
      <UniqueIdentifier>{4f692282-9c06-4a5f-86e3-268c42452ad9}</UniqueIdentifier>
    </Filter>
  </ItemGroup>
  <ItemGroup>
    <ClInclude Include="stdafx.h">
      <Filter>win32</Filter>
    </ClInclude>
    <ClInclude Include="targetver.h">
      <Filter>win32</Filter>
    </ClInclude>
    <ClInclude Include="application.h">
      <Filter>app</Filter>
    </ClInclude>
    <ClInclude Include="node.h">
      <Filter>app</Filter>
    </ClInclude>
    <ClInclude Include="rootnode.h">
      <Filter>app</Filter>
    </ClInclude>
    <ClInclude Include="geometry.h">
      <Filter>base</Filter>
    </ClInclude>
    <ClInclude Include="windownode.h">
      <Filter>node</Filter>
    </ClInclude>
    <ClInclude Include="cubenode.h">
      <Filter>node</Filter>
    </ClInclude>
    <ClInclude Include="paintnode.h">
      <Filter>app</Filter>
    </ClInclude>
    <ClInclude Include="paintstruct.h">
      <Filter>paint</Filter>
    </ClInclude>
    <ClInclude Include="xmlconstructer.h">
      <Filter>app</Filter>
    </ClInclude>
  </ItemGroup>
  <ItemGroup>
    <ClCompile Include="stdafx.cpp">
      <Filter>win32</Filter>
    </ClCompile>
    <ClCompile Include="CubeTest.cpp" />
    <ClCompile Include="application.cpp">
      <Filter>app</Filter>
    </ClCompile>
    <ClCompile Include="node.cpp">
      <Filter>app</Filter>
    </ClCompile>
    <ClCompile Include="rootnode.cpp">
      <Filter>app</Filter>
    </ClCompile>
    <ClCompile Include="geometry.cpp">
      <Filter>base</Filter>
    </ClCompile>
    <ClCompile Include="windownode.cpp">
      <Filter>node</Filter>
    </ClCompile>
    <ClCompile Include="cubenode.cpp">
      <Filter>node</Filter>
    </ClCompile>
    <ClCompile Include="paintnode.cpp">
      <Filter>app</Filter>
    </ClCompile>
    <ClCompile Include="paintstruct.cpp">
      <Filter>paint</Filter>
    </ClCompile>
    <ClCompile Include="xmlconstructer.cpp">
      <Filter>app</Filter>
    </ClCompile>
  </ItemGroup>
</Project>