<?xml version="1.0" encoding="utf-8"?>
<Project ToolsVersion="4.0" xmlns="http://schemas.microsoft.com/developer/msbuild/2003">
  <ItemGroup>
    <Filter Include="win32">
      <UniqueIdentifier>{29214f30-ef6b-48ac-bda2-9a1f4ae7c07c}</UniqueIdentifier>
    </Filter>
    <Filter Include="app">
      <UniqueIdentifier>{d81e68aa-6d49-47b9-89e6-8cec09195f5f}</UniqueIdentifier>
    </Filter>
    <Filter Include="base">
      <UniqueIdentifier>{50744ad1-55df-4c56-bedb-06bb0db9396a}</UniqueIdentifier>
    </Filter>
    <Filter Include="node">
      <UniqueIdentifier>{5ca8b8c0-fbd6-476e-89c7-3fe17b5e3516}</UniqueIdentifier>
    </Filter>
    <Filter Include="render">
      <UniqueIdentifier>{9d247ea3-15a4-4158-848f-c79d00e2fe39}</UniqueIdentifier>
    </Filter>
    <Filter Include="nodes">
      <UniqueIdentifier>{ae5e8351-f129-4f21-b2f4-40acfa4ecadb}</UniqueIdentifier>
    </Filter>
    <Filter Include="css">
      <UniqueIdentifier>{3e45ae18-4d58-43a4-ae5a-6b219f06b1d8}</UniqueIdentifier>
    </Filter>
  </ItemGroup>
  <ItemGroup>
    <ClInclude Include="stdafx.h">
      <Filter>win32</Filter>
    </ClInclude>
    <ClInclude Include="targetver.h">
      <Filter>win32</Filter>
    </ClInclude>
    <ClInclude Include="application.h">
      <Filter>app</Filter>
    </ClInclude>
    <ClInclude Include="rootnode.h">
      <Filter>app</Filter>
    </ClInclude>
    <ClInclude Include="geometry.h">
      <Filter>base</Filter>
    </ClInclude>
    <ClInclude Include="xmlconstructer.h">
      <Filter>app</Filter>
    </ClInclude>
    <ClInclude Include="message.h">
      <Filter>app</Filter>
    </ClInclude>
    <ClInclude Include="paintnode.h">
      <Filter>node</Filter>
    </ClInclude>
    <ClInclude Include="fontfactory.h">
      <Filter>render</Filter>
    </ClInclude>
    <ClInclude Include="paintstruct.h">
      <Filter>render</Filter>
    </ClInclude>
    <ClInclude Include="renderengine.h">
      <Filter>render</Filter>
    </ClInclude>
    <ClInclude Include="brushfactory.h">
      <Filter>render</Filter>
    </ClInclude>
    <ClInclude Include="StrokeStyle.h">
      <Filter>render</Filter>
    </ClInclude>
    <ClInclude Include="windownode.h">
      <Filter>nodes</Filter>
    </ClInclude>
    <ClInclude Include="cubenode.h">
      <Filter>nodes</Filter>
    </ClInclude>
    <ClInclude Include="node.h">
      <Filter>node</Filter>
    </ClInclude>
    <ClInclude Include="node_property_map.h">
      <Filter>node</Filter>
    </ClInclude>
    <ClInclude Include="node_factory.h">
      <Filter>node</Filter>
    </ClInclude>
    <ClInclude Include="css_rule.h">
      <Filter>css</Filter>
    </ClInclude>
    <ClInclude Include="css_selector_list.h">
      <Filter>css</Filter>
    </ClInclude>
    <ClInclude Include="css_property_set.h">
      <Filter>css</Filter>
    </ClInclude>
    <ClInclude Include="css_property.h">
      <Filter>css</Filter>
    </ClInclude>
    <ClInclude Include="css_value.h">
      <Filter>css</Filter>
    </ClInclude>
    <ClInclude Include="css_property_names.h">
      <Filter>css</Filter>
    </ClInclude>
  </ItemGroup>
  <ItemGroup>
    <ClCompile Include="stdafx.cpp">
      <Filter>win32</Filter>
    </ClCompile>
    <ClCompile Include="CubeTest.cpp" />
    <ClCompile Include="application.cpp">
      <Filter>app</Filter>
    </ClCompile>
    <ClCompile Include="rootnode.cpp">
      <Filter>app</Filter>
    </ClCompile>
    <ClCompile Include="geometry.cpp">
      <Filter>base</Filter>
    </ClCompile>
    <ClCompile Include="xmlconstructer.cpp">
      <Filter>app</Filter>
    </ClCompile>
    <ClCompile Include="paintnode.cpp">
      <Filter>node</Filter>
    </ClCompile>
    <ClCompile Include="fontfactroy.cpp">
      <Filter>render</Filter>
    </ClCompile>
    <ClCompile Include="paintstruct.cpp">
      <Filter>render</Filter>
    </ClCompile>
    <ClCompile Include="renderengine.cpp">
      <Filter>render</Filter>
    </ClCompile>
    <ClCompile Include="brushfactory.cpp">
      <Filter>render</Filter>
    </ClCompile>
    <ClCompile Include="strokestyle.cpp">
      <Filter>render</Filter>
    </ClCompile>
    <ClCompile Include="windownode.cpp">
      <Filter>nodes</Filter>
    </ClCompile>
    <ClCompile Include="cubenode.cpp">
      <Filter>nodes</Filter>
    </ClCompile>
    <ClCompile Include="node.cpp">
      <Filter>node</Filter>
    </ClCompile>
    <ClCompile Include="node_property_map.cpp">
      <Filter>node</Filter>
    </ClCompile>
    <ClCompile Include="node_factory.cpp">
      <Filter>node</Filter>
    </ClCompile>
    <ClCompile Include="css_rule.cpp">
      <Filter>css</Filter>
    </ClCompile>
    <ClCompile Include="css_selector_list.cpp">
      <Filter>css</Filter>
    </ClCompile>
    <ClCompile Include="css_property_names.cpp">
      <Filter>css</Filter>
    </ClCompile>
  </ItemGroup>
</Project>